Microsoft Visual Studio Solution File, Format Version 12.00
# Visual Studio Version 17
VisualStudioVersion = 17.5.2.0
MinimumVisualStudioVersion = 10.0.40219.1
Project("{FAE04EC0-301F-11D3-BF4B-00C04F79EFBC}") = "LogPath.Api", "LogPath.Api.csproj", "{96F65B35-590D-73B1-C22B-970A0B2DF10B}"
EndProject
Global
	GlobalSection(SolutionConfigurationPlatforms) = preSolution
		Debug|Any CPU = Debug|Any CPU
		Release|Any CPU = Release|Any CPU
	EndGlobalSection
	GlobalSection(ProjectConfigurationPlatforms) = postSolution
		{96F65B35-590D-73B1-C22B-970A0B2DF10B}.Debug|Any CPU.ActiveCfg = Debug|Any CPU
		{96F65B35-590D-73B1-C22B-970A0B2DF10B}.Debug|Any CPU.Build.0 = Debug|Any CPU
		{96F65B35-590D-73B1-C22B-970A0B2DF10B}.Release|Any CPU.ActiveCfg = Release|Any CPU
		{96F65B35-590D-73B1-C22B-970A0B2DF10B}.Release|Any CPU.Build.0 = Release|Any CPU
	EndGlobalSection
	GlobalSection(SolutionProperties) = preSolution
		HideSolutionNode = FALSE
	EndGlobalSection
	GlobalSection(ExtensibilityGlobals) = postSolution
		SolutionGuid = {065991AD-E0E2-4438-B0B3-55B4AB34EA69}
	EndGlobalSection
EndGlobal
